
Microsoft Visual Studio Solution File, Format Version 12.00
# Visual Studio Version 17
VisualStudioVersion = 17.11.35327.3
MinimumVisualStudioVersion = 10.0.40219.1
Project("{FAE04EC0-301F-11D3-BF4B-00C04F79EFBC}") = "select", "select\select.csproj", "{E7F9FDBB-E452-40F1-8F00-77563BCA16DD}"
EndProject
Global
	GlobalSection(SolutionConfigurationPlatforms) = preSolution
		Debug|Any CPU = Debug|Any CPU
		Release|Any CPU = Release|Any CPU
	EndGlobalSection
	GlobalSection(ProjectConfigurationPlatforms) = postSolution
		{E7F9FDBB-E452-40F1-8F00-77563BCA16DD}.Debug|Any CPU.ActiveCfg = Debug|Any CPU
		{E7F9FDBB-E452-40F1-8F00-77563BCA16DD}.Debug|Any CPU.Build.0 = Debug|Any CPU
		{E7F9FDBB-E452-40F1-8F00-77563BCA16DD}.Release|Any CPU.ActiveCfg = Release|Any CPU
		{E7F9FDBB-E452-40F1-8F00-77563BCA16DD}.Release|Any CPU.Build.0 = Release|Any CPU
	EndGlobalSection
	GlobalSection(SolutionProperties) = preSolution
		HideSolutionNode = FALSE
	EndGlobalSection
	GlobalSection(ExtensibilityGlobals) = postSolution
		SolutionGuid = {B0B8640F-34FD-41B7-9CE3-375E00D0C604}
	EndGlobalSection
EndGlobal
